
Microsoft Visual Studio Solution File, Format Version 12.00
# Visual Studio 15
VisualStudioVersion = 15.0.27428.1
MinimumVisualStudioVersion = 10.0.40219.1
Project("{9A19103F-16F7-4668-BE54-9A1E7A4F7556}") = "Firestone", "Firestone\Firestone.csproj", "{CD40C2BE-2B53-41ED-AA95-6A95EDD8923C}"
EndProject
Project("{2150E333-8FDC-42A3-9474-1A3956D46DE8}") = "Solution Items", "Solution Items", "{A3C25E64-5A65-446D-948C-922DF2A56304}"
	ProjectSection(SolutionItems) = preProject
		README.md = README.md
		setup.ps1 = setup.ps1
	EndProjectSection
EndProject
Global
	GlobalSection(SolutionConfigurationPlatforms) = preSolution
		Debug|Any CPU = Debug|Any CPU
		Release|Any CPU = Release|Any CPU
	EndGlobalSection
	GlobalSection(ProjectConfigurationPlatforms) = postSolution
		{CD40C2BE-2B53-41ED-AA95-6A95EDD8923C}.Debug|Any CPU.ActiveCfg = Debug|Any CPU
		{CD40C2BE-2B53-41ED-AA95-6A95EDD8923C}.Debug|Any CPU.Build.0 = Debug|Any CPU
		{CD40C2BE-2B53-41ED-AA95-6A95EDD8923C}.Release|Any CPU.ActiveCfg = Release|Any CPU
		{CD40C2BE-2B53-41ED-AA95-6A95EDD8923C}.Release|Any CPU.Build.0 = Release|Any CPU
	EndGlobalSection
	GlobalSection(SolutionProperties) = preSolution
		HideSolutionNode = FALSE
	EndGlobalSection
	GlobalSection(ExtensibilityGlobals) = postSolution
		SolutionGuid = {173ED929-5661-49DD-8E74-61D43BEFFB05}
	EndGlobalSection
EndGlobal
